
Microsoft Visual Studio Solution File, Format Version 12.00
# Visual Studio 15
VisualStudioVersion = 15.0.28010.2050
MinimumVisualStudioVersion = 10.0.40219.1
Project("{FAE04EC0-301F-11D3-BF4B-00C04F79EFBC}") = "CQRS.MVC", "CQRS.MVC\CQRS.MVC.csproj", "{C89E234C-EC61-40EE-A8DB-57F29FF08B1A}"
EndProject
Project("{FAE04EC0-301F-11D3-BF4B-00C04F79EFBC}") = "CQRS.Common", "CQRS.Common\CQRS.Common.csproj", "{62916C10-EF2A-4673-8A8C-A11BC9024A05}"
EndProject
Project("{FAE04EC0-301F-11D3-BF4B-00C04F79EFBC}") = "CQRS.Domain", "CQRS.Domain\CQRS.Domain.csproj", "{AE89EA6A-8211-4F76-9565-D9D51A5DD2A6}"
EndProject
Project("{FAE04EC0-301F-11D3-BF4B-00C04F79EFBC}") = "CQRS.Data", "CQRS.Data\CQRS.Data.csproj", "{87662285-067B-4124-A15C-C519E90760FA}"
EndProject
Global
	GlobalSection(SolutionConfigurationPlatforms) = preSolution
		Debug|Any CPU = Debug|Any CPU
		Release|Any CPU = Release|Any CPU
	EndGlobalSection
	GlobalSection(ProjectConfigurationPlatforms) = postSolution
		{C89E234C-EC61-40EE-A8DB-57F29FF08B1A}.Debug|Any CPU.ActiveCfg = Debug|Any CPU
		{C89E234C-EC61-40EE-A8DB-57F29FF08B1A}.Debug|Any CPU.Build.0 = Debug|Any CPU
		{C89E234C-EC61-40EE-A8DB-57F29FF08B1A}.Release|Any CPU.ActiveCfg = Release|Any CPU
		{C89E234C-EC61-40EE-A8DB-57F29FF08B1A}.Release|Any CPU.Build.0 = Release|Any CPU
		{62916C10-EF2A-4673-8A8C-A11BC9024A05}.Debug|Any CPU.ActiveCfg = Debug|Any CPU
		{62916C10-EF2A-4673-8A8C-A11BC9024A05}.Debug|Any CPU.Build.0 = Debug|Any CPU
		{62916C10-EF2A-4673-8A8C-A11BC9024A05}.Release|Any CPU.ActiveCfg = Release|Any CPU
		{62916C10-EF2A-4673-8A8C-A11BC9024A05}.Release|Any CPU.Build.0 = Release|Any CPU
		{AE89EA6A-8211-4F76-9565-D9D51A5DD2A6}.Debug|Any CPU.ActiveCfg = Debug|Any CPU
		{AE89EA6A-8211-4F76-9565-D9D51A5DD2A6}.Debug|Any CPU.Build.0 = Debug|Any CPU
		{AE89EA6A-8211-4F76-9565-D9D51A5DD2A6}.Release|Any CPU.ActiveCfg = Release|Any CPU
		{AE89EA6A-8211-4F76-9565-D9D51A5DD2A6}.Release|Any CPU.Build.0 = Release|Any CPU
		{87662285-067B-4124-A15C-C519E90760FA}.Debug|Any CPU.ActiveCfg = Debug|Any CPU
		{87662285-067B-4124-A15C-C519E90760FA}.Debug|Any CPU.Build.0 = Debug|Any CPU
		{87662285-067B-4124-A15C-C519E90760FA}.Release|Any CPU.ActiveCfg = Release|Any CPU
		{87662285-067B-4124-A15C-C519E90760FA}.Release|Any CPU.Build.0 = Release|Any CPU
	EndGlobalSection
	GlobalSection(SolutionProperties) = preSolution
		HideSolutionNode = FALSE
	EndGlobalSection
	GlobalSection(ExtensibilityGlobals) = postSolution
		SolutionGuid = {44E1CEEC-88E2-41AE-B25D-12B65A5A79AE}
	EndGlobalSection
EndGlobal
